# This file is automatically @generated by Cargo.
# It is not intended for manual editing.
version = 3

[[package]]
name = "alloc"
version = "0.0.0"
dependencies = [
 "compiler_builtins",
 "core",
]

[[package]]
name = "compiler_builtins"
version = "0.1.105"
source = "registry+https://github.com/rust-lang/crates.io-index"
checksum = "3686cc48897ce1950aa70fd595bd2dc9f767a3c4cca4cd17b2cb52a2d37e6eb4"
dependencies = [
 "rustc-std-workspace-core",
]

[[package]]
name = "core"
version = "0.0.0"

[[package]]
name = "nixpkgs-sysroot-stub-crate"
version = "0.0.0"
dependencies = [
 "alloc",
 "compiler_builtins",
 "core",
]

[[package]]
name = "rustc-std-workspace-core"
version = "1.99.0"
dependencies = [
 "core",
]

[[patch.unused]]
name = "rustc-std-workspace-alloc"
version = "1.99.0"
