# This file is automatically @generated by Cargo.
# It is not intended for manual editing.
[[package]]
name = "alloc"
version = "0.0.0"
dependencies = [
 "compiler_builtins",
 "core",
]

[[package]]
name = "compiler_builtins"
version = "0.1.53"
source = "registry+https://github.com/rust-lang/crates.io-index"
checksum = "2467ff455350a4df7d02f1ed1449d0279605a763de5d586dcf6aa7d732508bcb"
dependencies = [
 "rustc-std-workspace-core",
]

[[package]]
name = "core"
version = "0.0.0"

[[package]]
name = "nixpkgs-sysroot-stub-crate"
version = "0.0.0"
dependencies = [
 "alloc",
 "compiler_builtins",
 "core",
]

[[package]]
name = "rustc-std-workspace-core"
version = "1.99.0"
dependencies = [
 "core",
]

[[patch.unused]]
name = "rustc-std-workspace-alloc"
version = "1.99.0"
